// !$*UTF8*$!
{
	archiveVersion = 1;
	classes = {
	};
	objectVersion = 56;
	objects = {

/* Begin PBXBuildFile section */
		005D9DBD29D956EB00FBC545 /* ProfileVC.swift in Sources */ = {isa = PBXBuildFile; fileRef = 005D9DBC29D956EB00FBC545 /* ProfileVC.swift */; };
		005D9DC029D9585A00FBC545 /* UserModel.swift in Sources */ = {isa = PBXBuildFile; fileRef = 005D9DBF29D9585A00FBC545 /* UserModel.swift */; };
		005D9DC329D963D500FBC545 /* StudentCommute.xcdatamodeld in Sources */ = {isa = PBXBuildFile; fileRef = 005D9DC129D963D500FBC545 /* StudentCommute.xcdatamodeld */; };
		00CC7EC329D85DF20033D891 /* AppDelegate.swift in Sources */ = {isa = PBXBuildFile; fileRef = 00CC7EC229D85DF20033D891 /* AppDelegate.swift */; };
		00CC7EC529D85DF20033D891 /* SceneDelegate.swift in Sources */ = {isa = PBXBuildFile; fileRef = 00CC7EC429D85DF20033D891 /* SceneDelegate.swift */; };
		00CC7ECA29D85DF20033D891 /* Main.storyboard in Resources */ = {isa = PBXBuildFile; fileRef = 00CC7EC829D85DF20033D891 /* Main.storyboard */; };
		00CC7ECF29D85DF30033D891 /* Assets.xcassets in Resources */ = {isa = PBXBuildFile; fileRef = 00CC7ECE29D85DF30033D891 /* Assets.xcassets */; };
		00CC7ED229D85DF30033D891 /* LaunchScreen.storyboard in Resources */ = {isa = PBXBuildFile; fileRef = 00CC7ED029D85DF30033D891 /* LaunchScreen.storyboard */; };
		00CC7EDB29D85EAE0033D891 /* DesignableView.swift in Sources */ = {isa = PBXBuildFile; fileRef = 00CC7EDA29D85EAE0033D891 /* DesignableView.swift */; };
		00CC7EDD29D86E680033D891 /* BackButton.swift in Sources */ = {isa = PBXBuildFile; fileRef = 00CC7EDC29D86E680033D891 /* BackButton.swift */; };
		00CC7EE029D86E9D0033D891 /* LoginVC.swift in Sources */ = {isa = PBXBuildFile; fileRef = 00CC7EDF29D86E9D0033D891 /* LoginVC.swift */; };
		00CC7EE229D86EBB0033D891 /* CreateAccountVC.swift in Sources */ = {isa = PBXBuildFile; fileRef = 00CC7EE129D86EBB0033D891 /* CreateAccountVC.swift */; };
		00CC7EE429D870920033D891 /* AllExtentions.swift in Sources */ = {isa = PBXBuildFile; fileRef = 00CC7EE329D870920033D891 /* AllExtentions.swift */; };
		00CC7EE629D871BE0033D891 /* ButtonWithShadow.swift in Sources */ = {isa = PBXBuildFile; fileRef = 00CC7EE529D871BE0033D891 /* ButtonWithShadow.swift */; };
		00CC7EE829D8B4A50033D891 /* Constant.swift in Sources */ = {isa = PBXBuildFile; fileRef = 00CC7EE729D8B4A50033D891 /* Constant.swift */; };
		00CC7EEB29D8B76D0033D891 /* CoreDataManager.swift in Sources */ = {isa = PBXBuildFile; fileRef = 00CC7EEA29D8B76D0033D891 /* CoreDataManager.swift */; };
		00CC7EED29D8BD510033D891 /* UserDefaultsManager.swift in Sources */ = {isa = PBXBuildFile; fileRef = 00CC7EEC29D8BD510033D891 /* UserDefaultsManager.swift */; };
		00CC7EEF29D8BF560033D891 /* ClickableLabel.swift in Sources */ = {isa = PBXBuildFile; fileRef = 00CC7EEE29D8BF560033D891 /* ClickableLabel.swift */; };
		00ECA44C29D97445000A06BC /* HomeVC.swift in Sources */ = {isa = PBXBuildFile; fileRef = 00ECA44B29D97445000A06BC /* HomeVC.swift */; };
		00ECA44E29D97F0E000A06BC /* LocationSelectorVC.swift in Sources */ = {isa = PBXBuildFile; fileRef = 00ECA44D29D97F0E000A06BC /* LocationSelectorVC.swift */; };
/* End PBXBuildFile section */

/* Begin PBXFileReference section */
		005D9DBC29D956EB00FBC545 /* ProfileVC.swift */ = {isa = PBXFileReference; fileEncoding = 4; lastKnownFileType = sourcecode.swift; path = ProfileVC.swift; sourceTree = "<group>"; };
		005D9DBF29D9585A00FBC545 /* UserModel.swift */ = {isa = PBXFileReference; lastKnownFileType = sourcecode.swift; path = UserModel.swift; sourceTree = "<group>"; };
		005D9DC229D963D500FBC545 /* StudentCommute.xcdatamodel */ = {isa = PBXFileReference; lastKnownFileType = wrapper.xcdatamodel; path = StudentCommute.xcdatamodel; sourceTree = "<group>"; };
		00CC7EBF29D85DF20033D891 /* StudentCommute.app */ = {isa = PBXFileReference; explicitFileType = wrapper.application; includeInIndex = 0; path = StudentCommute.app; sourceTree = BUILT_PRODUCTS_DIR; };
		00CC7EC229D85DF20033D891 /* AppDelegate.swift */ = {isa = PBXFileReference; lastKnownFileType = sourcecode.swift; path = AppDelegate.swift; sourceTree = "<group>"; };
		00CC7EC429D85DF20033D891 /* SceneDelegate.swift */ = {isa = PBXFileReference; lastKnownFileType = sourcecode.swift; path = SceneDelegate.swift; sourceTree = "<group>"; };
		00CC7EC929D85DF20033D891 /* Base */ = {isa = PBXFileReference; lastKnownFileType = file.storyboard; name = Base; path = Base.lproj/Main.storyboard; sourceTree = "<group>"; };
		00CC7ECE29D85DF30033D891 /* Assets.xcassets */ = {isa = PBXFileReference; lastKnownFileType = folder.assetcatalog; path = Assets.xcassets; sourceTree = "<group>"; };
		00CC7ED129D85DF30033D891 /* Base */ = {isa = PBXFileReference; lastKnownFileType = file.storyboard; name = Base; path = Base.lproj/LaunchScreen.storyboard; sourceTree = "<group>"; };
		00CC7ED329D85DF30033D891 /* Info.plist */ = {isa = PBXFileReference; lastKnownFileType = text.plist.xml; path = Info.plist; sourceTree = "<group>"; };
		00CC7EDA29D85EAE0033D891 /* DesignableView.swift */ = {isa = PBXFileReference; lastKnownFileType = sourcecode.swift; path = DesignableView.swift; sourceTree = "<group>"; };
		00CC7EDC29D86E680033D891 /* BackButton.swift */ = {isa = PBXFileReference; fileEncoding = 4; lastKnownFileType = sourcecode.swift; path = BackButton.swift; sourceTree = "<group>"; };
		00CC7EDF29D86E9D0033D891 /* LoginVC.swift */ = {isa = PBXFileReference; fileEncoding = 4; lastKnownFileType = sourcecode.swift; path = LoginVC.swift; sourceTree = "<group>"; };
		00CC7EE129D86EBB0033D891 /* CreateAccountVC.swift */ = {isa = PBXFileReference; fileEncoding = 4; lastKnownFileType = sourcecode.swift; path = CreateAccountVC.swift; sourceTree = "<group>"; };
		00CC7EE329D870920033D891 /* AllExtentions.swift */ = {isa = PBXFileReference; fileEncoding = 4; lastKnownFileType = sourcecode.swift; path = AllExtentions.swift; sourceTree = "<group>"; };
		00CC7EE529D871BE0033D891 /* ButtonWithShadow.swift */ = {isa = PBXFileReference; fileEncoding = 4; lastKnownFileType = sourcecode.swift; path = ButtonWithShadow.swift; sourceTree = "<group>"; };
		00CC7EE729D8B4A50033D891 /* Constant.swift */ = {isa = PBXFileReference; lastKnownFileType = sourcecode.swift; path = Constant.swift; sourceTree = "<group>"; };
		00CC7EEA29D8B76D0033D891 /* CoreDataManager.swift */ = {isa = PBXFileReference; lastKnownFileType = sourcecode.swift; path = CoreDataManager.swift; sourceTree = "<group>"; };
		00CC7EEC29D8BD510033D891 /* UserDefaultsManager.swift */ = {isa = PBXFileReference; fileEncoding = 4; lastKnownFileType = sourcecode.swift; path = UserDefaultsManager.swift; sourceTree = "<group>"; };
		00CC7EEE29D8BF560033D891 /* ClickableLabel.swift */ = {isa = PBXFileReference; lastKnownFileType = sourcecode.swift; path = ClickableLabel.swift; sourceTree = "<group>"; };
		00ECA44B29D97445000A06BC /* HomeVC.swift */ = {isa = PBXFileReference; lastKnownFileType = sourcecode.swift; path = HomeVC.swift; sourceTree = "<group>"; };
		00ECA44D29D97F0E000A06BC /* LocationSelectorVC.swift */ = {isa = PBXFileReference; lastKnownFileType = sourcecode.swift; path = LocationSelectorVC.swift; sourceTree = "<group>"; };
/* End PBXFileReference section */

/* Begin PBXFrameworksBuildPhase section */
		00CC7EBC29D85DF20033D891 /* Frameworks */ = {
			isa = PBXFrameworksBuildPhase;
			buildActionMask = 2147483647;
			files = (
			);
			runOnlyForDeploymentPostprocessing = 0;
		};
/* End PBXFrameworksBuildPhase section */

/* Begin PBXGroup section */
		005D9DBE29D9585100FBC545 /* Model */ = {
			isa = PBXGroup;
			children = (
				005D9DBF29D9585A00FBC545 /* UserModel.swift */,
			);
			path = Model;
			sourceTree = "<group>";
		};
		00CC7EB629D85DF20033D891 = {
			isa = PBXGroup;
			children = (
				005D9DC129D963D500FBC545 /* StudentCommute.xcdatamodeld */,
				00CC7EC129D85DF20033D891 /* StudentCommute */,
				00CC7EC029D85DF20033D891 /* Products */,
			);
			sourceTree = "<group>";
		};
		00CC7EC029D85DF20033D891 /* Products */ = {
			isa = PBXGroup;
			children = (
				00CC7EBF29D85DF20033D891 /* StudentCommute.app */,
			);
			name = Products;
			sourceTree = "<group>";
		};
		00CC7EC129D85DF20033D891 /* StudentCommute */ = {
			isa = PBXGroup;
			children = (
				005D9DBE29D9585100FBC545 /* Model */,
				00CC7EE929D8B7600033D891 /* Managers */,
				00CC7EDE29D86E830033D891 /* ViewControllers */,
				00CC7ED929D85E9F0033D891 /* Extension */,
				00CC7EC229D85DF20033D891 /* AppDelegate.swift */,
				00CC7EC429D85DF20033D891 /* SceneDelegate.swift */,
				00CC7EC829D85DF20033D891 /* Main.storyboard */,
				00CC7ECE29D85DF30033D891 /* Assets.xcassets */,
				00CC7ED029D85DF30033D891 /* LaunchScreen.storyboard */,
				00CC7ED329D85DF30033D891 /* Info.plist */,
				00CC7EE729D8B4A50033D891 /* Constant.swift */,
			);
			path = StudentCommute;
			sourceTree = "<group>";
		};
		00CC7ED929D85E9F0033D891 /* Extension */ = {
			isa = PBXGroup;
			children = (
				00CC7EE329D870920033D891 /* AllExtentions.swift */,
				00CC7EE529D871BE0033D891 /* ButtonWithShadow.swift */,
				00CC7EDC29D86E680033D891 /* BackButton.swift */,
				00CC7EDA29D85EAE0033D891 /* DesignableView.swift */,
				00CC7EEE29D8BF560033D891 /* ClickableLabel.swift */,
			);
			path = Extension;
			sourceTree = "<group>";
		};
		00CC7EDE29D86E830033D891 /* ViewControllers */ = {
			isa = PBXGroup;
			children = (
				005D9DBC29D956EB00FBC545 /* ProfileVC.swift */,
				00CC7EE129D86EBB0033D891 /* CreateAccountVC.swift */,
				00CC7EDF29D86E9D0033D891 /* LoginVC.swift */,
				00ECA44B29D97445000A06BC /* HomeVC.swift */,
				00ECA44D29D97F0E000A06BC /* LocationSelectorVC.swift */,
			);
			path = ViewControllers;
			sourceTree = "<group>";
		};
		00CC7EE929D8B7600033D891 /* Managers */ = {
			isa = PBXGroup;
			children = (
				00CC7EEC29D8BD510033D891 /* UserDefaultsManager.swift */,
				00CC7EEA29D8B76D0033D891 /* CoreDataManager.swift */,
			);
			path = Managers;
			sourceTree = "<group>";
		};
/* End PBXGroup section */

/* Begin PBXNativeTarget section */
		00CC7EBE29D85DF20033D891 /* StudentCommute */ = {
			isa = PBXNativeTarget;
			buildConfigurationList = 00CC7ED629D85DF30033D891 /* Build configuration list for PBXNativeTarget "StudentCommute" */;
			buildPhases = (
				00CC7EBB29D85DF20033D891 /* Sources */,
				00CC7EBC29D85DF20033D891 /* Frameworks */,
				00CC7EBD29D85DF20033D891 /* Resources */,
			);
			buildRules = (
			);
			dependencies = (
			);
			name = StudentCommute;
			productName = StudentCommute;
			productReference = 00CC7EBF29D85DF20033D891 /* StudentCommute.app */;
			productType = "com.apple.product-type.application";
		};
/* End PBXNativeTarget section */

/* Begin PBXProject section */
		00CC7EB729D85DF20033D891 /* Project object */ = {
			isa = PBXProject;
			attributes = {
				BuildIndependentTargetsInParallel = 1;
				LastSwiftUpdateCheck = 1400;
				LastUpgradeCheck = 1400;
				TargetAttributes = {
					00CC7EBE29D85DF20033D891 = {
						CreatedOnToolsVersion = 14.0.1;
					};
				};
			};
			buildConfigurationList = 00CC7EBA29D85DF20033D891 /* Build configuration list for PBXProject "StudentCommute" */;
			compatibilityVersion = "Xcode 14.0";
			developmentRegion = en;
			hasScannedForEncodings = 0;
			knownRegions = (
				en,
				Base,
			);
			mainGroup = 00CC7EB629D85DF20033D891;
			productRefGroup = 00CC7EC029D85DF20033D891 /* Products */;
			projectDirPath = "";
			projectRoot = "";
			targets = (
				00CC7EBE29D85DF20033D891 /* StudentCommute */,
			);
		};
/* End PBXProject section */

/* Begin PBXResourcesBuildPhase section */
		00CC7EBD29D85DF20033D891 /* Resources */ = {
			isa = PBXResourcesBuildPhase;
			buildActionMask = 2147483647;
			files = (
				00CC7ED229D85DF30033D891 /* LaunchScreen.storyboard in Resources */,
				00CC7ECF29D85DF30033D891 /* Assets.xcassets in Resources */,
				00CC7ECA29D85DF20033D891 /* Main.storyboard in Resources */,
			);
			runOnlyForDeploymentPostprocessing = 0;
		};
/* End PBXResourcesBuildPhase section */

/* Begin PBXSourcesBuildPhase section */
		00CC7EBB29D85DF20033D891 /* Sources */ = {
			isa = PBXSourcesBuildPhase;
			buildActionMask = 2147483647;
			files = (
				00CC7EE429D870920033D891 /* AllExtentions.swift in Sources */,
				005D9DBD29D956EB00FBC545 /* ProfileVC.swift in Sources */,
				00CC7EED29D8BD510033D891 /* UserDefaultsManager.swift in Sources */,
				00CC7EDD29D86E680033D891 /* BackButton.swift in Sources */,
				00CC7EE029D86E9D0033D891 /* LoginVC.swift in Sources */,
				00CC7EE629D871BE0033D891 /* ButtonWithShadow.swift in Sources */,
				00CC7EE229D86EBB0033D891 /* CreateAccountVC.swift in Sources */,
				00ECA44E29D97F0E000A06BC /* LocationSelectorVC.swift in Sources */,
				00CC7EC329D85DF20033D891 /* AppDelegate.swift in Sources */,
				00CC7EE829D8B4A50033D891 /* Constant.swift in Sources */,
				00ECA44C29D97445000A06BC /* HomeVC.swift in Sources */,
				00CC7EEF29D8BF560033D891 /* ClickableLabel.swift in Sources */,
				00CC7EDB29D85EAE0033D891 /* DesignableView.swift in Sources */,
				00CC7EC529D85DF20033D891 /* SceneDelegate.swift in Sources */,
				005D9DC329D963D500FBC545 /* StudentCommute.xcdatamodeld in Sources */,
				005D9DC029D9585A00FBC545 /* UserModel.swift in Sources */,
				00CC7EEB29D8B76D0033D891 /* CoreDataManager.swift in Sources */,
			);
			runOnlyForDeploymentPostprocessing = 0;
		};
/* End PBXSourcesBuildPhase section */

/* Begin PBXVariantGroup section */
		00CC7EC829D85DF20033D891 /* Main.storyboard */ = {
			isa = PBXVariantGroup;
			children = (
				00CC7EC929D85DF20033D891 /* Base */,
			);
			name = Main.storyboard;
			sourceTree = "<group>";
		};
		00CC7ED029D85DF30033D891 /* LaunchScreen.storyboard */ = {
			isa = PBXVariantGroup;
			children = (
				00CC7ED129D85DF30033D891 /* Base */,
			);
			name = LaunchScreen.storyboard;
			sourceTree = "<group>";
		};
/* End PBXVariantGroup section */

/* Begin XCBuildConfiguration section */
		00CC7ED429D85DF30033D891 /* Debug */ = {
			isa = XCBuildConfiguration;
			buildSettings = {
				ALWAYS_SEARCH_USER_PATHS = NO;
				CLANG_ANALYZER_NONNULL = YES;
				CLANG_ANALYZER_NUMBER_OBJECT_CONVERSION = YES_AGGRESSIVE;
				CLANG_CXX_LANGUAGE_STANDARD = "gnu++20";
				CLANG_ENABLE_MODULES = YES;
				CLANG_ENABLE_OBJC_ARC = YES;
				CLANG_ENABLE_OBJC_WEAK = YES;
				CLANG_WARN_BLOCK_CAPTURE_AUTORELEASING = YES;
				CLANG_WARN_BOOL_CONVERSION = YES;
				CLANG_WARN_COMMA = YES;
				CLANG_WARN_CONSTANT_CONVERSION = YES;
				CLANG_WARN_DEPRECATED_OBJC_IMPLEMENTATIONS = YES;
				CLANG_WARN_DIRECT_OBJC_ISA_USAGE = YES_ERROR;
				CLANG_WARN_DOCUMENTATION_COMMENTS = YES;
				CLANG_WARN_EMPTY_BODY = YES;
				CLANG_WARN_ENUM_CONVERSION = YES;
				CLANG_WARN_INFINITE_RECURSION = YES;
				CLANG_WARN_INT_CONVERSION = YES;
				CLANG_WARN_NON_LITERAL_NULL_CONVERSION = YES;
				CLANG_WARN_OBJC_IMPLICIT_RETAIN_SELF = YES;
				CLANG_WARN_OBJC_LITERAL_CONVERSION = YES;
				CLANG_WARN_OBJC_ROOT_CLASS = YES_ERROR;
				CLANG_WARN_QUOTED_INCLUDE_IN_FRAMEWORK_HEADER = YES;
				CLANG_WARN_RANGE_LOOP_ANALYSIS = YES;
				CLANG_WARN_STRICT_PROTOTYPES = YES;
				CLANG_WARN_SUSPICIOUS_MOVE = YES;
				CLANG_WARN_UNGUARDED_AVAILABILITY = YES_AGGRESSIVE;
				CLANG_WARN_UNREACHABLE_CODE = YES;
				CLANG_WARN__DUPLICATE_METHOD_MATCH = YES;
				COPY_PHASE_STRIP = NO;
				DEBUG_INFORMATION_FORMAT = dwarf;
				ENABLE_STRICT_OBJC_MSGSEND = YES;
				ENABLE_TESTABILITY = YES;
				GCC_C_LANGUAGE_STANDARD = gnu11;
				GCC_DYNAMIC_NO_PIC = NO;
				GCC_NO_COMMON_BLOCKS = YES;
				GCC_OPTIMIZATION_LEVEL = 0;
				GCC_PREPROCESSOR_DEFINITIONS = (
					"DEBUG=1",
					"$(inherited)",
				);
				GCC_WARN_64_TO_32_BIT_CONVERSION = YES;
				GCC_WARN_ABOUT_RETURN_TYPE = YES_ERROR;
				GCC_WARN_UNDECLARED_SELECTOR = YES;
				GCC_WARN_UNINITIALIZED_AUTOS = YES_AGGRESSIVE;
				GCC_WARN_UNUSED_FUNCTION = YES;
				GCC_WARN_UNUSED_VARIABLE = YES;
				IPHONEOS_DEPLOYMENT_TARGET = 16.0;
				MTL_ENABLE_DEBUG_INFO = INCLUDE_SOURCE;
				MTL_FAST_MATH = YES;
				ONLY_ACTIVE_ARCH = YES;
				SDKROOT = iphoneos;
				SWIFT_ACTIVE_COMPILATION_CONDITIONS = DEBUG;
				SWIFT_OPTIMIZATION_LEVEL = "-Onone";
			};
			name = Debug;
		};
		00CC7ED529D85DF30033D891 /* Release */ = {
			isa = XCBuildConfiguration;
			buildSettings = {
				ALWAYS_SEARCH_USER_PATHS = NO;
				CLANG_ANALYZER_NONNULL = YES;
				CLANG_ANALYZER_NUMBER_OBJECT_CONVERSION = YES_AGGRESSIVE;
				CLANG_CXX_LANGUAGE_STANDARD = "gnu++20";
				CLANG_ENABLE_MODULES = YES;
				CLANG_ENABLE_OBJC_ARC = YES;
				CLANG_ENABLE_OBJC_WEAK = YES;
				CLANG_WARN_BLOCK_CAPTURE_AUTORELEASING = YES;
				CLANG_WARN_BOOL_CONVERSION = YES;
				CLANG_WARN_COMMA = YES;
				CLANG_WARN_CONSTANT_CONVERSION = YES;
				CLANG_WARN_DEPRECATED_OBJC_IMPLEMENTATIONS = YES;
				CLANG_WARN_DIRECT_OBJC_ISA_USAGE = YES_ERROR;
				CLANG_WARN_DOCUMENTATION_COMMENTS = YES;
				CLANG_WARN_EMPTY_BODY = YES;
				CLANG_WARN_ENUM_CONVERSION = YES;
				CLANG_WARN_INFINITE_RECURSION = YES;
				CLANG_WARN_INT_CONVERSION = YES;
				CLANG_WARN_NON_LITERAL_NULL_CONVERSION = YES;
				CLANG_WARN_OBJC_IMPLICIT_RETAIN_SELF = YES;
				CLANG_WARN_OBJC_LITERAL_CONVERSION = YES;
				CLANG_WARN_OBJC_ROOT_CLASS = YES_ERROR;
				CLANG_WARN_QUOTED_INCLUDE_IN_FRAMEWORK_HEADER = YES;
				CLANG_WARN_RANGE_LOOP_ANALYSIS = YES;
				CLANG_WARN_STRICT_PROTOTYPES = YES;
				CLANG_WARN_SUSPICIOUS_MOVE = YES;
				CLANG_WARN_UNGUARDED_AVAILABILITY = YES_AGGRESSIVE;
				CLANG_WARN_UNREACHABLE_CODE = YES;
				CLANG_WARN__DUPLICATE_METHOD_MATCH = YES;
				COPY_PHASE_STRIP = NO;
				DEBUG_INFORMATION_FORMAT = "dwarf-with-dsym";
				ENABLE_NS_ASSERTIONS = NO;
				ENABLE_STRICT_OBJC_MSGSEND = YES;
				GCC_C_LANGUAGE_STANDARD = gnu11;
				GCC_NO_COMMON_BLOCKS = YES;
				GCC_WARN_64_TO_32_BIT_CONVERSION = YES;
				GCC_WARN_ABOUT_RETURN_TYPE = YES_ERROR;
				GCC_WARN_UNDECLARED_SELECTOR = YES;
				GCC_WARN_UNINITIALIZED_AUTOS = YES_AGGRESSIVE;
				GCC_WARN_UNUSED_FUNCTION = YES;
				GCC_WARN_UNUSED_VARIABLE = YES;
				IPHONEOS_DEPLOYMENT_TARGET = 16.0;
				MTL_ENABLE_DEBUG_INFO = NO;
				MTL_FAST_MATH = YES;
				SDKROOT = iphoneos;
				SWIFT_COMPILATION_MODE = wholemodule;
				SWIFT_OPTIMIZATION_LEVEL = "-O";
				VALIDATE_PRODUCT = YES;
			};
			name = Release;
		};
		00CC7ED729D85DF30033D891 /* Debug */ = {
			isa = XCBuildConfiguration;
			buildSettings = {
				ASSETCATALOG_COMPILER_APPICON_NAME = AppIcon;
				ASSETCATALOG_COMPILER_GLOBAL_ACCENT_COLOR_NAME = AccentColor;
				CODE_SIGN_STYLE = Automatic;
				CURRENT_PROJECT_VERSION = 1;
				GENERATE_INFOPLIST_FILE = YES;
				INFOPLIST_FILE = StudentCommute/Info.plist;
				INFOPLIST_KEY_UIApplicationSupportsIndirectInputEvents = YES;
				INFOPLIST_KEY_UILaunchStoryboardName = LaunchScreen;
				INFOPLIST_KEY_UIMainStoryboardFile = Main;
				INFOPLIST_KEY_UISupportedInterfaceOrientations_iPad = "UIInterfaceOrientationPortrait UIInterfaceOrientationPortraitUpsideDown UIInterfaceOrientationLandscapeLeft UIInterfaceOrientationLandscapeRight";
				INFOPLIST_KEY_UISupportedInterfaceOrientations_iPhone = "UIInterfaceOrientationPortrait UIInterfaceOrientationLandscapeLeft UIInterfaceOrientationLandscapeRight";
				IPHONEOS_DEPLOYMENT_TARGET = 14.0;
				LD_RUNPATH_SEARCH_PATHS = (
					"$(inherited)",
					"@executable_path/Frameworks",
				);
				MARKETING_VERSION = 1.0;
				PRODUCT_BUNDLE_IDENTIFIER = com.nwmsu.StudentCommute;
				PRODUCT_NAME = "$(TARGET_NAME)";
				SWIFT_EMIT_LOC_STRINGS = YES;
				SWIFT_VERSION = 5.0;
				TARGETED_DEVICE_FAMILY = "1,2";
			};
			name = Debug;
		};
		00CC7ED829D85DF30033D891 /* Release */ = {
			isa = XCBuildConfiguration;
			buildSettings = {
				ASSETCATALOG_COMPILER_APPICON_NAME = AppIcon;
				ASSETCATALOG_COMPILER_GLOBAL_ACCENT_COLOR_NAME = AccentColor;
				CODE_SIGN_STYLE = Automatic;
				CURRENT_PROJECT_VERSION = 1;
				GENERATE_INFOPLIST_FILE = YES;
				INFOPLIST_FILE = StudentCommute/Info.plist;
				INFOPLIST_KEY_UIApplicationSupportsIndirectInputEvents = YES;
				INFOPLIST_KEY_UILaunchStoryboardName = LaunchScreen;
				INFOPLIST_KEY_UIMainStoryboardFile = Main;
				INFOPLIST_KEY_UISupportedInterfaceOrientations_iPad = "UIInterfaceOrientationPortrait UIInterfaceOrientationPortraitUpsideDown UIInterfaceOrientationLandscapeLeft UIInterfaceOrientationLandscapeRight";
				INFOPLIST_KEY_UISupportedInterfaceOrientations_iPhone = "UIInterfaceOrientationPortrait UIInterfaceOrientationLandscapeLeft UIInterfaceOrientationLandscapeRight";
				IPHONEOS_DEPLOYMENT_TARGET = 14.0;
				LD_RUNPATH_SEARCH_PATHS = (
					"$(inherited)",
					"@executable_path/Frameworks",
				);
				MARKETING_VERSION = 1.0;
				PRODUCT_BUNDLE_IDENTIFIER = com.nwmsu.StudentCommute;
				PRODUCT_NAME = "$(TARGET_NAME)";
				SWIFT_EMIT_LOC_STRINGS = YES;
				SWIFT_VERSION = 5.0;
				TARGETED_DEVICE_FAMILY = "1,2";
			};
			name = Release;
		};
/* End XCBuildConfiguration section */

/* Begin XCConfigurationList section */
		00CC7EBA29D85DF20033D891 /* Build configuration list for PBXProject "StudentCommute" */ = {
			isa = XCConfigurationList;
			buildConfigurations = (
				00CC7ED429D85DF30033D891 /* Debug */,
				00CC7ED529D85DF30033D891 /* Release */,
			);
			defaultConfigurationIsVisible = 0;
			defaultConfigurationName = Release;
		};
		00CC7ED629D85DF30033D891 /* Build configuration list for PBXNativeTarget "StudentCommute" */ = {
			isa = XCConfigurationList;
			buildConfigurations = (
				00CC7ED729D85DF30033D891 /* Debug */,
				00CC7ED829D85DF30033D891 /* Release */,
			);
			defaultConfigurationIsVisible = 0;
			defaultConfigurationName = Release;
		};
/* End XCConfigurationList section */

/* Begin XCVersionGroup section */
		005D9DC129D963D500FBC545 /* StudentCommute.xcdatamodeld */ = {
			isa = XCVersionGroup;
			children = (
				005D9DC229D963D500FBC545 /* StudentCommute.xcdatamodel */,
			);
			currentVersion = 005D9DC229D963D500FBC545 /* StudentCommute.xcdatamodel */;
			path = StudentCommute.xcdatamodeld;
			sourceTree = "<group>";
			versionGroupType = wrapper.xcdatamodel;
		};
/* End XCVersionGroup section */
	};
	rootObject = 00CC7EB729D85DF20033D891 /* Project object */;
}
